
Microsoft Visual Studio Solution File, Format Version 12.00
# Visual Studio Version 17
VisualStudioVersion = 17.6.33801.468
MinimumVisualStudioVersion = 10.0.40219.1
Project("{888888A0-9F3D-457C-B088-3A5042F75D52}") = "Python Obfuscator", "Python Obfuscator.pyproj", "{3B105816-6E82-46B2-89BB-70F5B3F57196}"
EndProject
Global
	GlobalSection(SolutionConfigurationPlatforms) = preSolution
		Debug|Any CPU = Debug|Any CPU
		Release|Any CPU = Release|Any CPU
	EndGlobalSection
	GlobalSection(ProjectConfigurationPlatforms) = postSolution
		{3B105816-6E82-46B2-89BB-70F5B3F57196}.Debug|Any CPU.ActiveCfg = Debug|Any CPU
		{3B105816-6E82-46B2-89BB-70F5B3F57196}.Release|Any CPU.ActiveCfg = Release|Any CPU
	EndGlobalSection
	GlobalSection(SolutionProperties) = preSolution
		HideSolutionNode = FALSE
	EndGlobalSection
	GlobalSection(ExtensibilityGlobals) = postSolution
		SolutionGuid = {8001C43F-947C-49C2-97E4-DAC69212687F}
	EndGlobalSection
EndGlobal
